// !$*UTF8*$!
{
	archiveVersion = 1;
	classes = {
	};
	objectVersion = 46;
	objects = {

/* Begin PBXBuildFile section */
		8B20D22B1E7932FA00AF814D /* RateViewController.swift in Sources */ = {isa = PBXBuildFile; fileRef = 8B20D22A1E7932FA00AF814D /* RateViewController.swift */; };
		8BF0D9411E6E67F2003D2CC8 /* AppDelegate.swift in Sources */ = {isa = PBXBuildFile; fileRef = 8BF0D9401E6E67F2003D2CC8 /* AppDelegate.swift */; };
		8BF0D9431E6E67F2003D2CC8 /* ViewController.swift in Sources */ = {isa = PBXBuildFile; fileRef = 8BF0D9421E6E67F2003D2CC8 /* ViewController.swift */; };
		8BF0D9461E6E67F2003D2CC8 /* Main.storyboard in Resources */ = {isa = PBXBuildFile; fileRef = 8BF0D9441E6E67F2003D2CC8 /* Main.storyboard */; };
		8BF0D9481E6E67F2003D2CC8 /* Assets.xcassets in Resources */ = {isa = PBXBuildFile; fileRef = 8BF0D9471E6E67F2003D2CC8 /* Assets.xcassets */; };
		8BF0D94B1E6E67F2003D2CC8 /* LaunchScreen.storyboard in Resources */ = {isa = PBXBuildFile; fileRef = 8BF0D9491E6E67F2003D2CC8 /* LaunchScreen.storyboard */; };
		8BF0D9561E6E67F2003D2CC8 /* Tip_CalculatorTests.swift in Sources */ = {isa = PBXBuildFile; fileRef = 8BF0D9551E6E67F2003D2CC8 /* Tip_CalculatorTests.swift */; };
		8BF0D9611E6E67F2003D2CC8 /* Tip_CalculatorUITests.swift in Sources */ = {isa = PBXBuildFile; fileRef = 8BF0D9601E6E67F2003D2CC8 /* Tip_CalculatorUITests.swift */; };
/* End PBXBuildFile section */

/* Begin PBXContainerItemProxy section */
		8BF0D9521E6E67F2003D2CC8 /* PBXContainerItemProxy */ = {
			isa = PBXContainerItemProxy;
			containerPortal = 8BF0D9351E6E67F2003D2CC8 /* Project object */;
			proxyType = 1;
			remoteGlobalIDString = 8BF0D93C1E6E67F2003D2CC8;
			remoteInfo = "Tip Calculator";
		};
		8BF0D95D1E6E67F2003D2CC8 /* PBXContainerItemProxy */ = {
			isa = PBXContainerItemProxy;
			containerPortal = 8BF0D9351E6E67F2003D2CC8 /* Project object */;
			proxyType = 1;
			remoteGlobalIDString = 8BF0D93C1E6E67F2003D2CC8;
			remoteInfo = "Tip Calculator";
		};
/* End PBXContainerItemProxy section */

/* Begin PBXFileReference section */
		8B20D22A1E7932FA00AF814D /* RateViewController.swift */ = {isa = PBXFileReference; fileEncoding = 4; lastKnownFileType = sourcecode.swift; path = RateViewController.swift; sourceTree = "<group>"; };
		8BF0D93D1E6E67F2003D2CC8 /* Tip Calculator.app */ = {isa = PBXFileReference; explicitFileType = wrapper.application; includeInIndex = 0; path = "Tip Calculator.app"; sourceTree = BUILT_PRODUCTS_DIR; };
		8BF0D9401E6E67F2003D2CC8 /* AppDelegate.swift */ = {isa = PBXFileReference; lastKnownFileType = sourcecode.swift; path = AppDelegate.swift; sourceTree = "<group>"; };
		8BF0D9421E6E67F2003D2CC8 /* ViewController.swift */ = {isa = PBXFileReference; lastKnownFileType = sourcecode.swift; path = ViewController.swift; sourceTree = "<group>"; };
		8BF0D9451E6E67F2003D2CC8 /* Base */ = {isa = PBXFileReference; lastKnownFileType = file.storyboard; name = Base; path = Base.lproj/Main.storyboard; sourceTree = "<group>"; };
		8BF0D9471E6E67F2003D2CC8 /* Assets.xcassets */ = {isa = PBXFileReference; lastKnownFileType = folder.assetcatalog; path = Assets.xcassets; sourceTree = "<group>"; };
		8BF0D94A1E6E67F2003D2CC8 /* Base */ = {isa = PBXFileReference; lastKnownFileType = file.storyboard; name = Base; path = Base.lproj/LaunchScreen.storyboard; sourceTree = "<group>"; };
		8BF0D94C1E6E67F2003D2CC8 /* Info.plist */ = {isa = PBXFileReference; lastKnownFileType = text.plist.xml; path = Info.plist; sourceTree = "<group>"; };
		8BF0D9511E6E67F2003D2CC8 /* Tip CalculatorTests.xctest */ = {isa = PBXFileReference; explicitFileType = wrapper.cfbundle; includeInIndex = 0; path = "Tip CalculatorTests.xctest"; sourceTree = BUILT_PRODUCTS_DIR; };
		8BF0D9551E6E67F2003D2CC8 /* Tip_CalculatorTests.swift */ = {isa = PBXFileReference; lastKnownFileType = sourcecode.swift; path = Tip_CalculatorTests.swift; sourceTree = "<group>"; };
		8BF0D9571E6E67F2003D2CC8 /* Info.plist */ = {isa = PBXFileReference; lastKnownFileType = text.plist.xml; path = Info.plist; sourceTree = "<group>"; };
		8BF0D95C1E6E67F2003D2CC8 /* Tip CalculatorUITests.xctest */ = {isa = PBXFileReference; explicitFileType = wrapper.cfbundle; includeInIndex = 0; path = "Tip CalculatorUITests.xctest"; sourceTree = BUILT_PRODUCTS_DIR; };
		8BF0D9601E6E67F2003D2CC8 /* Tip_CalculatorUITests.swift */ = {isa = PBXFileReference; lastKnownFileType = sourcecode.swift; path = Tip_CalculatorUITests.swift; sourceTree = "<group>"; };
		8BF0D9621E6E67F2003D2CC8 /* Info.plist */ = {isa = PBXFileReference; lastKnownFileType = text.plist.xml; path = Info.plist; sourceTree = "<group>"; };
/* End PBXFileReference section */

/* Begin PBXFrameworksBuildPhase section */
		8BF0D93A1E6E67F2003D2CC8 /* Frameworks */ = {
			isa = PBXFrameworksBuildPhase;
			buildActionMask = 2147483647;
			files = (
			);
			runOnlyForDeploymentPostprocessing = 0;
		};
		8BF0D94E1E6E67F2003D2CC8 /* Frameworks */ = {
			isa = PBXFrameworksBuildPhase;
			buildActionMask = 2147483647;
			files = (
			);
			runOnlyForDeploymentPostprocessing = 0;
		};
		8BF0D9591E6E67F2003D2CC8 /* Frameworks */ = {
			isa = PBXFrameworksBuildPhase;
			buildActionMask = 2147483647;
			files = (
			);
			runOnlyForDeploymentPostprocessing = 0;
		};
/* End PBXFrameworksBuildPhase section */

/* Begin PBXGroup section */
		8BF0D9341E6E67F2003D2CC8 = {
			isa = PBXGroup;
			children = (
				8BF0D93F1E6E67F2003D2CC8 /* Tip Calculator */,
				8BF0D9541E6E67F2003D2CC8 /* Tip CalculatorTests */,
				8BF0D95F1E6E67F2003D2CC8 /* Tip CalculatorUITests */,
				8BF0D93E1E6E67F2003D2CC8 /* Products */,
			);
			sourceTree = "<group>";
		};
		8BF0D93E1E6E67F2003D2CC8 /* Products */ = {
			isa = PBXGroup;
			children = (
				8BF0D93D1E6E67F2003D2CC8 /* Tip Calculator.app */,
				8BF0D9511E6E67F2003D2CC8 /* Tip CalculatorTests.xctest */,
				8BF0D95C1E6E67F2003D2CC8 /* Tip CalculatorUITests.xctest */,
			);
			name = Products;
			sourceTree = "<group>";
		};
		8BF0D93F1E6E67F2003D2CC8 /* Tip Calculator */ = {
			isa = PBXGroup;
			children = (
				8BF0D9401E6E67F2003D2CC8 /* AppDelegate.swift */,
				8BF0D9421E6E67F2003D2CC8 /* ViewController.swift */,
				8BF0D9441E6E67F2003D2CC8 /* Main.storyboard */,
				8BF0D9471E6E67F2003D2CC8 /* Assets.xcassets */,
				8BF0D9491E6E67F2003D2CC8 /* LaunchScreen.storyboard */,
				8BF0D94C1E6E67F2003D2CC8 /* Info.plist */,
				8B20D22A1E7932FA00AF814D /* RateViewController.swift */,
			);
			path = "Tip Calculator";
			sourceTree = "<group>";
		};
		8BF0D9541E6E67F2003D2CC8 /* Tip CalculatorTests */ = {
			isa = PBXGroup;
			children = (
				8BF0D9551E6E67F2003D2CC8 /* Tip_CalculatorTests.swift */,
				8BF0D9571E6E67F2003D2CC8 /* Info.plist */,
			);
			path = "Tip CalculatorTests";
			sourceTree = "<group>";
		};
		8BF0D95F1E6E67F2003D2CC8 /* Tip CalculatorUITests */ = {
			isa = PBXGroup;
			children = (
				8BF0D9601E6E67F2003D2CC8 /* Tip_CalculatorUITests.swift */,
				8BF0D9621E6E67F2003D2CC8 /* Info.plist */,
			);
			path = "Tip CalculatorUITests";
			sourceTree = "<group>";
		};
/* End PBXGroup section */

/* Begin PBXNativeTarget section */
		8BF0D93C1E6E67F2003D2CC8 /* Tip Calculator */ = {
			isa = PBXNativeTarget;
			buildConfigurationList = 8BF0D9651E6E67F2003D2CC8 /* Build configuration list for PBXNativeTarget "Tip Calculator" */;
			buildPhases = (
				8BF0D9391E6E67F2003D2CC8 /* Sources */,
				8BF0D93A1E6E67F2003D2CC8 /* Frameworks */,
				8BF0D93B1E6E67F2003D2CC8 /* Resources */,
			);
			buildRules = (
			);
			dependencies = (
			);
			name = "Tip Calculator";
			productName = "Tip Calculator";
			productReference = 8BF0D93D1E6E67F2003D2CC8 /* Tip Calculator.app */;
			productType = "com.apple.product-type.application";
		};
		8BF0D9501E6E67F2003D2CC8 /* Tip CalculatorTests */ = {
			isa = PBXNativeTarget;
			buildConfigurationList = 8BF0D9681E6E67F2003D2CC8 /* Build configuration list for PBXNativeTarget "Tip CalculatorTests" */;
			buildPhases = (
				8BF0D94D1E6E67F2003D2CC8 /* Sources */,
				8BF0D94E1E6E67F2003D2CC8 /* Frameworks */,
				8BF0D94F1E6E67F2003D2CC8 /* Resources */,
			);
			buildRules = (
			);
			dependencies = (
				8BF0D9531E6E67F2003D2CC8 /* PBXTargetDependency */,
			);
			name = "Tip CalculatorTests";
			productName = "Tip CalculatorTests";
			productReference = 8BF0D9511E6E67F2003D2CC8 /* Tip CalculatorTests.xctest */;
			productType = "com.apple.product-type.bundle.unit-test";
		};
		8BF0D95B1E6E67F2003D2CC8 /* Tip CalculatorUITests */ = {
			isa = PBXNativeTarget;
			buildConfigurationList = 8BF0D96B1E6E67F2003D2CC8 /* Build configuration list for PBXNativeTarget "Tip CalculatorUITests" */;
			buildPhases = (
				8BF0D9581E6E67F2003D2CC8 /* Sources */,
				8BF0D9591E6E67F2003D2CC8 /* Frameworks */,
				8BF0D95A1E6E67F2003D2CC8 /* Resources */,
			);
			buildRules = (
			);
			dependencies = (
				8BF0D95E1E6E67F2003D2CC8 /* PBXTargetDependency */,
			);
			name = "Tip CalculatorUITests";
			productName = "Tip CalculatorUITests";
			productReference = 8BF0D95C1E6E67F2003D2CC8 /* Tip CalculatorUITests.xctest */;
			productType = "com.apple.product-type.bundle.ui-testing";
		};
/* End PBXNativeTarget section */

/* Begin PBXProject section */
		8BF0D9351E6E67F2003D2CC8 /* Project object */ = {
			isa = PBXProject;
			attributes = {
				LastSwiftUpdateCheck = 0820;
				LastUpgradeCheck = 0820;
				ORGANIZATIONNAME = Developer;
				TargetAttributes = {
					8BF0D93C1E6E67F2003D2CC8 = {
						CreatedOnToolsVersion = 8.2.1;
						ProvisioningStyle = Automatic;
					};
					8BF0D9501E6E67F2003D2CC8 = {
						CreatedOnToolsVersion = 8.2.1;
						ProvisioningStyle = Automatic;
						TestTargetID = 8BF0D93C1E6E67F2003D2CC8;
					};
					8BF0D95B1E6E67F2003D2CC8 = {
						CreatedOnToolsVersion = 8.2.1;
						ProvisioningStyle = Automatic;
						TestTargetID = 8BF0D93C1E6E67F2003D2CC8;
					};
				};
			};
			buildConfigurationList = 8BF0D9381E6E67F2003D2CC8 /* Build configuration list for PBXProject "Tip Calculator" */;
			compatibilityVersion = "Xcode 3.2";
			developmentRegion = English;
			hasScannedForEncodings = 0;
			knownRegions = (
				en,
				Base,
			);
			mainGroup = 8BF0D9341E6E67F2003D2CC8;
			productRefGroup = 8BF0D93E1E6E67F2003D2CC8 /* Products */;
			projectDirPath = "";
			projectRoot = "";
			targets = (
				8BF0D93C1E6E67F2003D2CC8 /* Tip Calculator */,
				8BF0D9501E6E67F2003D2CC8 /* Tip CalculatorTests */,
				8BF0D95B1E6E67F2003D2CC8 /* Tip CalculatorUITests */,
			);
		};
/* End PBXProject section */

/* Begin PBXResourcesBuildPhase section */
		8BF0D93B1E6E67F2003D2CC8 /* Resources */ = {
			isa = PBXResourcesBuildPhase;
			buildActionMask = 2147483647;
			files = (
				8BF0D94B1E6E67F2003D2CC8 /* LaunchScreen.storyboard in Resources */,
				8BF0D9481E6E67F2003D2CC8 /* Assets.xcassets in Resources */,
				8BF0D9461E6E67F2003D2CC8 /* Main.storyboard in Resources */,
			);
			runOnlyForDeploymentPostprocessing = 0;
		};
		8BF0D94F1E6E67F2003D2CC8 /* Resources */ = {
			isa = PBXResourcesBuildPhase;
			buildActionMask = 2147483647;
			files = (
			);
			runOnlyForDeploymentPostprocessing = 0;
		};
		8BF0D95A1E6E67F2003D2CC8 /* Resources */ = {
			isa = PBXResourcesBuildPhase;
			buildActionMask = 2147483647;
			files = (
			);
			runOnlyForDeploymentPostprocessing = 0;
		};
/* End PBXResourcesBuildPhase section */

/* Begin PBXSourcesBuildPhase section */
		8BF0D9391E6E67F2003D2CC8 /* Sources */ = {
			isa = PBXSourcesBuildPhase;
			buildActionMask = 2147483647;
			files = (
				8B20D22B1E7932FA00AF814D /* RateViewController.swift in Sources */,
				8BF0D9431E6E67F2003D2CC8 /* ViewController.swift in Sources */,
				8BF0D9411E6E67F2003D2CC8 /* AppDelegate.swift in Sources */,
			);
			runOnlyForDeploymentPostprocessing = 0;
		};
		8BF0D94D1E6E67F2003D2CC8 /* Sources */ = {
			isa = PBXSourcesBuildPhase;
			buildActionMask = 2147483647;
			files = (
				8BF0D9561E6E67F2003D2CC8 /* Tip_CalculatorTests.swift in Sources */,
			);
			runOnlyForDeploymentPostprocessing = 0;
		};
		8BF0D9581E6E67F2003D2CC8 /* Sources */ = {
			isa = PBXSourcesBuildPhase;
			buildActionMask = 2147483647;
			files = (
				8BF0D9611E6E67F2003D2CC8 /* Tip_CalculatorUITests.swift in Sources */,
			);
			runOnlyForDeploymentPostprocessing = 0;
		};
/* End PBXSourcesBuildPhase section */

/* Begin PBXTargetDependency section */
		8BF0D9531E6E67F2003D2CC8 /* PBXTargetDependency */ = {
			isa = PBXTargetDependency;
			target = 8BF0D93C1E6E67F2003D2CC8 /* Tip Calculator */;
			targetProxy = 8BF0D9521E6E67F2003D2CC8 /* PBXContainerItemProxy */;
		};
		8BF0D95E1E6E67F2003D2CC8 /* PBXTargetDependency */ = {
			isa = PBXTargetDependency;
			target = 8BF0D93C1E6E67F2003D2CC8 /* Tip Calculator */;
			targetProxy = 8BF0D95D1E6E67F2003D2CC8 /* PBXContainerItemProxy */;
		};
/* End PBXTargetDependency section */

/* Begin PBXVariantGroup section */
		8BF0D9441E6E67F2003D2CC8 /* Main.storyboard */ = {
			isa = PBXVariantGroup;
			children = (
				8BF0D9451E6E67F2003D2CC8 /* Base */,
			);
			name = Main.storyboard;
			sourceTree = "<group>";
		};
		8BF0D9491E6E67F2003D2CC8 /* LaunchScreen.storyboard */ = {
			isa = PBXVariantGroup;
			children = (
				8BF0D94A1E6E67F2003D2CC8 /* Base */,
			);
			name = LaunchScreen.storyboard;
			sourceTree = "<group>";
		};
/* End PBXVariantGroup section */

/* Begin XCBuildConfiguration section */
		8BF0D9631E6E67F2003D2CC8 /* Debug */ = {
			isa = XCBuildConfiguration;
			buildSettings = {
				ALWAYS_SEARCH_USER_PATHS = NO;
				CLANG_ANALYZER_NONNULL = YES;
				CLANG_CXX_LANGUAGE_STANDARD = "gnu++0x";
				CLANG_CXX_LIBRARY = "libc++";
				CLANG_ENABLE_MODULES = YES;
				CLANG_ENABLE_OBJC_ARC = YES;
				CLANG_WARN_BOOL_CONVERSION = YES;
				CLANG_WARN_CONSTANT_CONVERSION = YES;
				CLANG_WARN_DIRECT_OBJC_ISA_USAGE = YES_ERROR;
				CLANG_WARN_DOCUMENTATION_COMMENTS = YES;
				CLANG_WARN_EMPTY_BODY = YES;
				CLANG_WARN_ENUM_CONVERSION = YES;
				CLANG_WARN_INFINITE_RECURSION = YES;
				CLANG_WARN_INT_CONVERSION = YES;
				CLANG_WARN_OBJC_ROOT_CLASS = YES_ERROR;
				CLANG_WARN_SUSPICIOUS_MOVE = YES;
				CLANG_WARN_UNREACHABLE_CODE = YES;
				CLANG_WARN__DUPLICATE_METHOD_MATCH = YES;
				"CODE_SIGN_IDENTITY[sdk=iphoneos*]" = "iPhone Developer";
				COPY_PHASE_STRIP = NO;
				DEBUG_INFORMATION_FORMAT = dwarf;
				ENABLE_STRICT_OBJC_MSGSEND = YES;
				ENABLE_TESTABILITY = YES;
				GCC_C_LANGUAGE_STANDARD = gnu99;
				GCC_DYNAMIC_NO_PIC = NO;
				GCC_NO_COMMON_BLOCKS = YES;
				GCC_OPTIMIZATION_LEVEL = 0;
				GCC_PREPROCESSOR_DEFINITIONS = (
					"DEBUG=1",
					"$(inherited)",
				);
				GCC_WARN_64_TO_32_BIT_CONVERSION = YES;
				GCC_WARN_ABOUT_RETURN_TYPE = YES_ERROR;
				GCC_WARN_UNDECLARED_SELECTOR = YES;
				GCC_WARN_UNINITIALIZED_AUTOS = YES_AGGRESSIVE;
				GCC_WARN_UNUSED_FUNCTION = YES;
				GCC_WARN_UNUSED_VARIABLE = YES;
				IPHONEOS_DEPLOYMENT_TARGET = 10.2;
				MTL_ENABLE_DEBUG_INFO = YES;
				ONLY_ACTIVE_ARCH = YES;
				SDKROOT = iphoneos;
				SWIFT_ACTIVE_COMPILATION_CONDITIONS = DEBUG;
				SWIFT_OPTIMIZATION_LEVEL = "-Onone";
				TARGETED_DEVICE_FAMILY = "1,2";
			};
			name = Debug;
		};
		8BF0D9641E6E67F2003D2CC8 /* Release */ = {
			isa = XCBuildConfiguration;
			buildSettings = {
				ALWAYS_SEARCH_USER_PATHS = NO;
				CLANG_ANALYZER_NONNULL = YES;
				CLANG_CXX_LANGUAGE_STANDARD = "gnu++0x";
				CLANG_CXX_LIBRARY = "libc++";
				CLANG_ENABLE_MODULES = YES;
				CLANG_ENABLE_OBJC_ARC = YES;
				CLANG_WARN_BOOL_CONVERSION = YES;
				CLANG_WARN_CONSTANT_CONVERSION = YES;
				CLANG_WARN_DIRECT_OBJC_ISA_USAGE = YES_ERROR;
				CLANG_WARN_DOCUMENTATION_COMMENTS = YES;
				CLANG_WARN_EMPTY_BODY = YES;
				CLANG_WARN_ENUM_CONVERSION = YES;
				CLANG_WARN_INFINITE_RECURSION = YES;
				CLANG_WARN_INT_CONVERSION = YES;
				CLANG_WARN_OBJC_ROOT_CLASS = YES_ERROR;
				CLANG_WARN_SUSPICIOUS_MOVE = YES;
				CLANG_WARN_UNREACHABLE_CODE = YES;
				CLANG_WARN__DUPLICATE_METHOD_MATCH = YES;
				"CODE_SIGN_IDENTITY[sdk=iphoneos*]" = "iPhone Developer";
				COPY_PHASE_STRIP = NO;
				DEBUG_INFORMATION_FORMAT = "dwarf-with-dsym";
				ENABLE_NS_ASSERTIONS = NO;
				ENABLE_STRICT_OBJC_MSGSEND = YES;
				GCC_C_LANGUAGE_STANDARD = gnu99;
				GCC_NO_COMMON_BLOCKS = YES;
				GCC_WARN_64_TO_32_BIT_CONVERSION = YES;
				GCC_WARN_ABOUT_RETURN_TYPE = YES_ERROR;
				GCC_WARN_UNDECLARED_SELECTOR = YES;
				GCC_WARN_UNINITIALIZED_AUTOS = YES_AGGRESSIVE;
				GCC_WARN_UNUSED_FUNCTION = YES;
				GCC_WARN_UNUSED_VARIABLE = YES;
				IPHONEOS_DEPLOYMENT_TARGET = 10.2;
				MTL_ENABLE_DEBUG_INFO = NO;
				SDKROOT = iphoneos;
				SWIFT_OPTIMIZATION_LEVEL = "-Owholemodule";
				TARGETED_DEVICE_FAMILY = "1,2";
				VALIDATE_PRODUCT = YES;
			};
			name = Release;
		};
		8BF0D9661E6E67F2003D2CC8 /* Debug */ = {
			isa = XCBuildConfiguration;
			buildSettings = {
				ASSETCATALOG_COMPILER_APPICON_NAME = AppIcon;
				INFOPLIST_FILE = "Tip Calculator/Info.plist";
				LD_RUNPATH_SEARCH_PATHS = "$(inherited) @executable_path/Frameworks";
				PRODUCT_BUNDLE_IDENTIFIER = "com.my.Tip-Calculator";
				PRODUCT_NAME = "$(TARGET_NAME)";
				SWIFT_VERSION = 3.0;
			};
			name = Debug;
		};
		8BF0D9671E6E67F2003D2CC8 /* Release */ = {
			isa = XCBuildConfiguration;
			buildSettings = {
				ASSETCATALOG_COMPILER_APPICON_NAME = AppIcon;
				INFOPLIST_FILE = "Tip Calculator/Info.plist";
				LD_RUNPATH_SEARCH_PATHS = "$(inherited) @executable_path/Frameworks";
				PRODUCT_BUNDLE_IDENTIFIER = "com.my.Tip-Calculator";
				PRODUCT_NAME = "$(TARGET_NAME)";
				SWIFT_VERSION = 3.0;
			};
			name = Release;
		};
		8BF0D9691E6E67F2003D2CC8 /* Debug */ = {
			isa = XCBuildConfiguration;
			buildSettings = {
				ALWAYS_EMBED_SWIFT_STANDARD_LIBRARIES = YES;
				BUNDLE_LOADER = "$(TEST_HOST)";
				INFOPLIST_FILE = "Tip CalculatorTests/Info.plist";
				LD_RUNPATH_SEARCH_PATHS = "$(inherited) @executable_path/Frameworks @loader_path/Frameworks";
				PRODUCT_BUNDLE_IDENTIFIER = "com.my.Tip-CalculatorTests";
				PRODUCT_NAME = "$(TARGET_NAME)";
				SWIFT_VERSION = 3.0;
				TEST_HOST = "$(BUILT_PRODUCTS_DIR)/Tip Calculator.app/Tip Calculator";
			};
			name = Debug;
		};
		8BF0D96A1E6E67F2003D2CC8 /* Release */ = {
			isa = XCBuildConfiguration;
			buildSettings = {
				ALWAYS_EMBED_SWIFT_STANDARD_LIBRARIES = YES;
				BUNDLE_LOADER = "$(TEST_HOST)";
				INFOPLIST_FILE = "Tip CalculatorTests/Info.plist";
				LD_RUNPATH_SEARCH_PATHS = "$(inherited) @executable_path/Frameworks @loader_path/Frameworks";
				PRODUCT_BUNDLE_IDENTIFIER = "com.my.Tip-CalculatorTests";
				PRODUCT_NAME = "$(TARGET_NAME)";
				SWIFT_VERSION = 3.0;
				TEST_HOST = "$(BUILT_PRODUCTS_DIR)/Tip Calculator.app/Tip Calculator";
			};
			name = Release;
		};
		8BF0D96C1E6E67F2003D2CC8 /* Debug */ = {
			isa = XCBuildConfiguration;
			buildSettings = {
				ALWAYS_EMBED_SWIFT_STANDARD_LIBRARIES = YES;
				INFOPLIST_FILE = "Tip CalculatorUITests/Info.plist";
				LD_RUNPATH_SEARCH_PATHS = "$(inherited) @executable_path/Frameworks @loader_path/Frameworks";
				PRODUCT_BUNDLE_IDENTIFIER = "com.my.Tip-CalculatorUITests";
				PRODUCT_NAME = "$(TARGET_NAME)";
				SWIFT_VERSION = 3.0;
				TEST_TARGET_NAME = "Tip Calculator";
			};
			name = Debug;
		};
		8BF0D96D1E6E67F2003D2CC8 /* Release */ = {
			isa = XCBuildConfiguration;
			buildSettings = {
				ALWAYS_EMBED_SWIFT_STANDARD_LIBRARIES = YES;
				INFOPLIST_FILE = "Tip CalculatorUITests/Info.plist";
				LD_RUNPATH_SEARCH_PATHS = "$(inherited) @executable_path/Frameworks @loader_path/Frameworks";
				PRODUCT_BUNDLE_IDENTIFIER = "com.my.Tip-CalculatorUITests";
				PRODUCT_NAME = "$(TARGET_NAME)";
				SWIFT_VERSION = 3.0;
				TEST_TARGET_NAME = "Tip Calculator";
			};
			name = Release;
		};
/* End XCBuildConfiguration section */

/* Begin XCConfigurationList section */
		8BF0D9381E6E67F2003D2CC8 /* Build configuration list for PBXProject "Tip Calculator" */ = {
			isa = XCConfigurationList;
			buildConfigurations = (
				8BF0D9631E6E67F2003D2CC8 /* Debug */,
				8BF0D9641E6E67F2003D2CC8 /* Release */,
			);
			defaultConfigurationIsVisible = 0;
			defaultConfigurationName = Release;
		};
		8BF0D9651E6E67F2003D2CC8 /* Build configuration list for PBXNativeTarget "Tip Calculator" */ = {
			isa = XCConfigurationList;
			buildConfigurations = (
				8BF0D9661E6E67F2003D2CC8 /* Debug */,
				8BF0D9671E6E67F2003D2CC8 /* Release */,
			);
			defaultConfigurationIsVisible = 0;
		};
		8BF0D9681E6E67F2003D2CC8 /* Build configuration list for PBXNativeTarget "Tip CalculatorTests" */ = {
			isa = XCConfigurationList;
			buildConfigurations = (
				8BF0D9691E6E67F2003D2CC8 /* Debug */,
				8BF0D96A1E6E67F2003D2CC8 /* Release */,
			);
			defaultConfigurationIsVisible = 0;
		};
		8BF0D96B1E6E67F2003D2CC8 /* Build configuration list for PBXNativeTarget "Tip CalculatorUITests" */ = {
			isa = XCConfigurationList;
			buildConfigurations = (
				8BF0D96C1E6E67F2003D2CC8 /* Debug */,
				8BF0D96D1E6E67F2003D2CC8 /* Release */,
			);
			defaultConfigurationIsVisible = 0;
		};
/* End XCConfigurationList section */
	};
	rootObject = 8BF0D9351E6E67F2003D2CC8 /* Project object */;
}
